{
  "name": "@llm-dev-ops/incident-manager-client",
  "version": "1.0.1",
  "lockfileVersion": 3,
  "requires": true,
  "packages": {
    "": {
      "name": "@llm-dev-ops/incident-manager-client",
      "version": "1.0.1",
      "license": "MIT OR Apache-2.0",
      "dependencies": {
        "@llm-dev-ops/incident-manager-types": "^1.0.1",
        "graphql-ws": "^5.16.2"
      },
      "devDependencies": {
        "@types/node": "^20.19.25",
        "@types/ws": "^8.18.1",
        "typescript": "^5.3.0"
      },
      "engines": {
        "node": ">=16.0.0"
      },
      "peerDependencies": {
        "ws": "^8.0.0"
      },
      "peerDependenciesMeta": {
        "ws": {
          "optional": true
        }
      }
    },
    "../types": {
      "name": "@llm-dev-ops/incident-manager-types",
      "version": "1.0.1",
      "license": "MIT OR Apache-2.0",
      "devDependencies": {
        "typescript": "^5.3.0"
      },
      "engines": {
        "node": ">=16.0.0"
      }
    },
    "../types/node_modules/typescript": {
      "version": "5.9.3",
      "dev": true,
      "license": "Apache-2.0",
      "bin": {
        "tsc": "bin/tsc",
        "tsserver": "bin/tsserver"
      },
      "engines": {
        "node": ">=14.17"
      }
    },
    "node_modules/@llm-dev-ops/incident-manager-types": {
      "resolved": "../types",
      "link": true
    },
    "node_modules/@types/node": {
      "version": "20.19.25",
      "resolved": "https://registry.npmjs.org/@types/node/-/node-20.19.25.tgz",
      "integrity": "sha512-ZsJzA5thDQMSQO788d7IocwwQbI8B5OPzmqNvpf3NY/+MHDAS759Wo0gd2WQeXYt5AAAQjzcrTVC6SKCuYgoCQ==",
      "dev": true,
      "dependencies": {
        "undici-types": "~6.21.0"
      }
    },
    "node_modules/@types/ws": {
      "version": "8.18.1",
      "resolved": "https://registry.npmjs.org/@types/ws/-/ws-8.18.1.tgz",
      "integrity": "sha512-ThVF6DCVhA8kUGy+aazFQ4kXQ7E1Ty7A3ypFOe0IcJV8O/M511G99AW24irKrW56Wt44yG9+ij8FaqoBGkuBXg==",
      "dev": true,
      "dependencies": {
        "@types/node": "*"
      }
    },
    "node_modules/graphql": {
      "version": "16.12.0",
      "license": "MIT",
      "peer": true,
      "engines": {
        "node": "^12.22.0 || ^14.16.0 || ^16.0.0 || >=17.0.0"
      }
    },
    "node_modules/graphql-ws": {
      "version": "5.16.2",
      "resolved": "https://registry.npmjs.org/graphql-ws/-/graphql-ws-5.16.2.tgz",
      "integrity": "sha512-E1uccsZxt/96jH/OwmLPuXMACILs76pKF2i3W861LpKBCYtGIyPQGtWLuBLkND4ox1KHns70e83PS4te50nvPQ==",
      "engines": {
        "node": ">=10"
      },
      "peerDependencies": {
        "graphql": ">=0.11 <=16"
      }
    },
    "node_modules/typescript": {
      "version": "5.9.3",
      "dev": true,
      "license": "Apache-2.0",
      "bin": {
        "tsc": "bin/tsc",
        "tsserver": "bin/tsserver"
      },
      "engines": {
        "node": ">=14.17"
      }
    },
    "node_modules/undici-types": {
      "version": "6.21.0",
      "dev": true,
      "license": "MIT"
    }
  }
}
